
Microsoft Visual Studio Solution File, Format Version 12.00
# Visual Studio Version 17
VisualStudioVersion = 17.3.32825.248
MinimumVisualStudioVersion = 10.0.40219.1
Project("{FAE04EC0-301F-11D3-BF4B-00C04F79EFBC}") = "DDR_PROJECTAPIS", "DDR_PROJECTAPIS.csproj", "{DDE29120-A99D-4C17-A371-E85D15B05CEF}"
EndProject
Global
	GlobalSection(SolutionConfigurationPlatforms) = preSolution
		Debug|Any CPU = Debug|Any CPU
		Release|Any CPU = Release|Any CPU
	EndGlobalSection
	GlobalSection(ProjectConfigurationPlatforms) = postSolution
		{DDE29120-A99D-4C17-A371-E85D15B05CEF}.Debug|Any CPU.ActiveCfg = Debug|Any CPU
		{DDE29120-A99D-4C17-A371-E85D15B05CEF}.Debug|Any CPU.Build.0 = Debug|Any CPU
		{DDE29120-A99D-4C17-A371-E85D15B05CEF}.Release|Any CPU.ActiveCfg = Release|Any CPU
		{DDE29120-A99D-4C17-A371-E85D15B05CEF}.Release|Any CPU.Build.0 = Release|Any CPU
	EndGlobalSection
	GlobalSection(SolutionProperties) = preSolution
		HideSolutionNode = FALSE
	EndGlobalSection
	GlobalSection(ExtensibilityGlobals) = postSolution
		SolutionGuid = {E7179AA5-B99C-489D-8310-EF0FCE5F746E}
	EndGlobalSection
EndGlobal
